
Microsoft Visual Studio Solution File, Format Version 12.00
# Visual Studio Version 17
VisualStudioVersion = 17.11.35312.102
MinimumVisualStudioVersion = 10.0.40219.1
Project("{FAE04EC0-301F-11D3-BF4B-00C04F79EFBC}") = "classworkMethods10", "classworkMethods10\classworkMethods10.csproj", "{73432CA4-F5FA-47D3-9680-350F5298CD27}"
EndProject
Global
	GlobalSection(SolutionConfigurationPlatforms) = preSolution
		Debug|Any CPU = Debug|Any CPU
		Release|Any CPU = Release|Any CPU
	EndGlobalSection
	GlobalSection(ProjectConfigurationPlatforms) = postSolution
		{73432CA4-F5FA-47D3-9680-350F5298CD27}.Debug|Any CPU.ActiveCfg = Debug|Any CPU
		{73432CA4-F5FA-47D3-9680-350F5298CD27}.Debug|Any CPU.Build.0 = Debug|Any CPU
		{73432CA4-F5FA-47D3-9680-350F5298CD27}.Release|Any CPU.ActiveCfg = Release|Any CPU
		{73432CA4-F5FA-47D3-9680-350F5298CD27}.Release|Any CPU.Build.0 = Release|Any CPU
	EndGlobalSection
	GlobalSection(SolutionProperties) = preSolution
		HideSolutionNode = FALSE
	EndGlobalSection
	GlobalSection(ExtensibilityGlobals) = postSolution
		SolutionGuid = {EF7646F8-2874-4244-A28A-3E9CB1805406}
	EndGlobalSection
EndGlobal
