
Microsoft Visual Studio Solution File, Format Version 12.00
# Visual Studio Version 17
VisualStudioVersion = 17.11.35312.102
MinimumVisualStudioVersion = 10.0.40219.1
Project("{FAE04EC0-301F-11D3-BF4B-00C04F79EFBC}") = "classworkMethods2", "classworkMethods2\classworkMethods2.csproj", "{9721FCBF-DD63-4793-8570-CA78395A6FC9}"
EndProject
Global
	GlobalSection(SolutionConfigurationPlatforms) = preSolution
		Debug|Any CPU = Debug|Any CPU
		Release|Any CPU = Release|Any CPU
	EndGlobalSection
	GlobalSection(ProjectConfigurationPlatforms) = postSolution
		{9721FCBF-DD63-4793-8570-CA78395A6FC9}.Debug|Any CPU.ActiveCfg = Debug|Any CPU
		{9721FCBF-DD63-4793-8570-CA78395A6FC9}.Debug|Any CPU.Build.0 = Debug|Any CPU
		{9721FCBF-DD63-4793-8570-CA78395A6FC9}.Release|Any CPU.ActiveCfg = Release|Any CPU
		{9721FCBF-DD63-4793-8570-CA78395A6FC9}.Release|Any CPU.Build.0 = Release|Any CPU
	EndGlobalSection
	GlobalSection(SolutionProperties) = preSolution
		HideSolutionNode = FALSE
	EndGlobalSection
	GlobalSection(ExtensibilityGlobals) = postSolution
		SolutionGuid = {59100B7D-5EDF-4FB6-B9F3-83BE00E5BE0D}
	EndGlobalSection
EndGlobal
