
Microsoft Visual Studio Solution File, Format Version 12.00
# Visual Studio Version 17
VisualStudioVersion = 17.11.35312.102
MinimumVisualStudioVersion = 10.0.40219.1
Project("{FAE04EC0-301F-11D3-BF4B-00C04F79EFBC}") = "classworkMethods5", "classworkMethods5\classworkMethods5.csproj", "{8D689AE8-CA77-4913-9A87-3C338B83E810}"
EndProject
Global
	GlobalSection(SolutionConfigurationPlatforms) = preSolution
		Debug|Any CPU = Debug|Any CPU
		Release|Any CPU = Release|Any CPU
	EndGlobalSection
	GlobalSection(ProjectConfigurationPlatforms) = postSolution
		{8D689AE8-CA77-4913-9A87-3C338B83E810}.Debug|Any CPU.ActiveCfg = Debug|Any CPU
		{8D689AE8-CA77-4913-9A87-3C338B83E810}.Debug|Any CPU.Build.0 = Debug|Any CPU
		{8D689AE8-CA77-4913-9A87-3C338B83E810}.Release|Any CPU.ActiveCfg = Release|Any CPU
		{8D689AE8-CA77-4913-9A87-3C338B83E810}.Release|Any CPU.Build.0 = Release|Any CPU
	EndGlobalSection
	GlobalSection(SolutionProperties) = preSolution
		HideSolutionNode = FALSE
	EndGlobalSection
	GlobalSection(ExtensibilityGlobals) = postSolution
		SolutionGuid = {0B3C958F-3947-4658-904A-5848EF58B7EE}
	EndGlobalSection
EndGlobal
